
Microsoft Visual Studio Solution File, Format Version 12.00
# Visual Studio 15
VisualStudioVersion = 15.0.26823.1
MinimumVisualStudioVersion = 10.0.40219.1
Project("{FAE04EC0-301F-11D3-BF4B-00C04F79EFBC}") = "MoveShape", "MoveShape\MoveShape.csproj", "{F580FAB8-6BE1-48BF-96DF-04AC1F9357E1}"
EndProject
Global
	GlobalSection(SolutionConfigurationPlatforms) = preSolution
		Debug|Any CPU = Debug|Any CPU
		Release|Any CPU = Release|Any CPU
	EndGlobalSection
	GlobalSection(ProjectConfigurationPlatforms) = postSolution
		{F580FAB8-6BE1-48BF-96DF-04AC1F9357E1}.Debug|Any CPU.ActiveCfg = Debug|Any CPU
		{F580FAB8-6BE1-48BF-96DF-04AC1F9357E1}.Debug|Any CPU.Build.0 = Debug|Any CPU
		{F580FAB8-6BE1-48BF-96DF-04AC1F9357E1}.Release|Any CPU.ActiveCfg = Release|Any CPU
		{F580FAB8-6BE1-48BF-96DF-04AC1F9357E1}.Release|Any CPU.Build.0 = Release|Any CPU
	EndGlobalSection
	GlobalSection(SolutionProperties) = preSolution
		HideSolutionNode = FALSE
	EndGlobalSection
	GlobalSection(ExtensibilityGlobals) = postSolution
		SolutionGuid = {EB0958BE-1E14-4A74-9D99-6E1B22C55290}
	EndGlobalSection
EndGlobal
