{
  "requires": true,
  "lockfileVersion": 1,
  "dependencies": {
    "@aspnet/signalr": {
      "version": "1.0.3",
      "resolved": "https://registry.npmjs.org/@aspnet/signalr/-/signalr-1.0.3.tgz",
      "integrity": "sha512-8nPSarp4k+oP2M6P7tw2FZMXOMR86wH9GPb/4wiqA18c4Ds88SUmE0pSpnNQPDOoWGMj6y9F2Xz5JyoynCPXWQ=="
    }
  }
}
