
Microsoft Visual Studio Solution File, Format Version 12.00
# Visual Studio 15
VisualStudioVersion = 15.0.26823.1
MinimumVisualStudioVersion = 10.0.40219.1
Project("{FAE04EC0-301F-11D3-BF4B-00C04F79EFBC}") = "AndroidClient", "AndroidClient\AndroidClient.csproj", "{8B2E28D5-4D76-4B0B-B79A-8F3422622336}"
EndProject
Project("{FAE04EC0-301F-11D3-BF4B-00C04F79EFBC}") = "iOSClient", "iOSClient\iOSClient.csproj", "{101E3060-8799-4119-8A7A-4F86A01C0C84}"
EndProject
Global
	GlobalSection(SolutionConfigurationPlatforms) = preSolution
		Debug|Any CPU = Debug|Any CPU
		Debug|iPhone = Debug|iPhone
		Debug|iPhoneSimulator = Debug|iPhoneSimulator
		Release|Any CPU = Release|Any CPU
		Release|iPhone = Release|iPhone
		Release|iPhoneSimulator = Release|iPhoneSimulator
	EndGlobalSection
	GlobalSection(ProjectConfigurationPlatforms) = postSolution
		{8B2E28D5-4D76-4B0B-B79A-8F3422622336}.Debug|Any CPU.ActiveCfg = Debug|Any CPU
		{8B2E28D5-4D76-4B0B-B79A-8F3422622336}.Debug|Any CPU.Build.0 = Debug|Any CPU
		{8B2E28D5-4D76-4B0B-B79A-8F3422622336}.Debug|Any CPU.Deploy.0 = Debug|Any CPU
		{8B2E28D5-4D76-4B0B-B79A-8F3422622336}.Debug|iPhone.ActiveCfg = Debug|Any CPU
		{8B2E28D5-4D76-4B0B-B79A-8F3422622336}.Debug|iPhone.Build.0 = Debug|Any CPU
		{8B2E28D5-4D76-4B0B-B79A-8F3422622336}.Debug|iPhone.Deploy.0 = Debug|Any CPU
		{8B2E28D5-4D76-4B0B-B79A-8F3422622336}.Debug|iPhoneSimulator.ActiveCfg = Debug|Any CPU
		{8B2E28D5-4D76-4B0B-B79A-8F3422622336}.Debug|iPhoneSimulator.Build.0 = Debug|Any CPU
		{8B2E28D5-4D76-4B0B-B79A-8F3422622336}.Debug|iPhoneSimulator.Deploy.0 = Debug|Any CPU
		{8B2E28D5-4D76-4B0B-B79A-8F3422622336}.Release|Any CPU.ActiveCfg = Release|Any CPU
		{8B2E28D5-4D76-4B0B-B79A-8F3422622336}.Release|Any CPU.Build.0 = Release|Any CPU
		{8B2E28D5-4D76-4B0B-B79A-8F3422622336}.Release|Any CPU.Deploy.0 = Release|Any CPU
		{8B2E28D5-4D76-4B0B-B79A-8F3422622336}.Release|iPhone.ActiveCfg = Release|Any CPU
		{8B2E28D5-4D76-4B0B-B79A-8F3422622336}.Release|iPhone.Build.0 = Release|Any CPU
		{8B2E28D5-4D76-4B0B-B79A-8F3422622336}.Release|iPhone.Deploy.0 = Release|Any CPU
		{8B2E28D5-4D76-4B0B-B79A-8F3422622336}.Release|iPhoneSimulator.ActiveCfg = Release|Any CPU
		{8B2E28D5-4D76-4B0B-B79A-8F3422622336}.Release|iPhoneSimulator.Build.0 = Release|Any CPU
		{8B2E28D5-4D76-4B0B-B79A-8F3422622336}.Release|iPhoneSimulator.Deploy.0 = Release|Any CPU
		{101E3060-8799-4119-8A7A-4F86A01C0C84}.Debug|Any CPU.ActiveCfg = Debug|iPhone
		{101E3060-8799-4119-8A7A-4F86A01C0C84}.Debug|iPhone.ActiveCfg = Debug|iPhone
		{101E3060-8799-4119-8A7A-4F86A01C0C84}.Debug|iPhone.Build.0 = Debug|iPhone
		{101E3060-8799-4119-8A7A-4F86A01C0C84}.Debug|iPhoneSimulator.ActiveCfg = Debug|iPhoneSimulator
		{101E3060-8799-4119-8A7A-4F86A01C0C84}.Debug|iPhoneSimulator.Build.0 = Debug|iPhoneSimulator
		{101E3060-8799-4119-8A7A-4F86A01C0C84}.Release|Any CPU.ActiveCfg = Release|iPhone
		{101E3060-8799-4119-8A7A-4F86A01C0C84}.Release|iPhone.ActiveCfg = Release|iPhone
		{101E3060-8799-4119-8A7A-4F86A01C0C84}.Release|iPhone.Build.0 = Release|iPhone
		{101E3060-8799-4119-8A7A-4F86A01C0C84}.Release|iPhoneSimulator.ActiveCfg = Release|iPhoneSimulator
		{101E3060-8799-4119-8A7A-4F86A01C0C84}.Release|iPhoneSimulator.Build.0 = Release|iPhoneSimulator
	EndGlobalSection
	GlobalSection(SolutionProperties) = preSolution
		HideSolutionNode = FALSE
	EndGlobalSection
	GlobalSection(ExtensibilityGlobals) = postSolution
		SolutionGuid = {B34FB619-A2FA-4AD2-80FA-D66D998EB93B}
	EndGlobalSection
EndGlobal
