
Microsoft Visual Studio Solution File, Format Version 12.00
# Visual Studio 15
VisualStudioVersion = 15.0.26823.1
MinimumVisualStudioVersion = 10.0.40219.1
Project("{FAE04EC0-301F-11D3-BF4B-00C04F79EFBC}") = "AndroidClient", "AndroidClient\AndroidClient.csproj", "{8B2E28D5-4D76-4B0B-B79A-8F3422622336}"
EndProject
Project("{FAE04EC0-301F-11D3-BF4B-00C04F79EFBC}") = "iOSClient", "iOSClient\iOSClient.csproj", "{101E3060-8799-4119-8A7A-4F86A01C0C84}"
EndProject
Project("{FAE04EC0-301F-11D3-BF4B-00C04F79EFBC}") = "FormsClient.Android", "FormsClient\FormsClient.Android\FormsClient.Android.csproj", "{6D071221-CDE3-4ABA-9EF5-0268E5241C57}"
EndProject
Project("{FAE04EC0-301F-11D3-BF4B-00C04F79EFBC}") = "FormsClient.iOS", "FormsClient\FormsClient.iOS\FormsClient.iOS.csproj", "{AA7F9680-8193-4CA6-A6A9-899D266FFCC6}"
EndProject
Project("{FAE04EC0-301F-11D3-BF4B-00C04F79EFBC}") = "FormsClient.UWP", "FormsClient\FormsClient.UWP\FormsClient.UWP.csproj", "{E6C63F13-BC5A-466E-BB69-43271E9D817B}"
EndProject
Project("{FAE04EC0-301F-11D3-BF4B-00C04F79EFBC}") = "FormsClient", "FormsClient\FormsClient\FormsClient.csproj", "{7816C1F8-A47A-4825-922F-5FC4B988E71C}"
EndProject
Project("{2150E333-8FDC-42A3-9474-1A3956D46DE8}") = "FormsClient", "FormsClient", "{DE6CD113-081F-4DB7-A47F-F40DB74A7030}"
EndProject
Global
	GlobalSection(SolutionConfigurationPlatforms) = preSolution
		Ad-Hoc|Any CPU = Ad-Hoc|Any CPU
		Ad-Hoc|ARM = Ad-Hoc|ARM
		Ad-Hoc|iPhone = Ad-Hoc|iPhone
		Ad-Hoc|iPhoneSimulator = Ad-Hoc|iPhoneSimulator
		Ad-Hoc|x64 = Ad-Hoc|x64
		Ad-Hoc|x86 = Ad-Hoc|x86
		AppStore|Any CPU = AppStore|Any CPU
		AppStore|ARM = AppStore|ARM
		AppStore|iPhone = AppStore|iPhone
		AppStore|iPhoneSimulator = AppStore|iPhoneSimulator
		AppStore|x64 = AppStore|x64
		AppStore|x86 = AppStore|x86
		Debug|Any CPU = Debug|Any CPU
		Debug|ARM = Debug|ARM
		Debug|iPhone = Debug|iPhone
		Debug|iPhoneSimulator = Debug|iPhoneSimulator
		Debug|x64 = Debug|x64
		Debug|x86 = Debug|x86
		Release|Any CPU = Release|Any CPU
		Release|ARM = Release|ARM
		Release|iPhone = Release|iPhone
		Release|iPhoneSimulator = Release|iPhoneSimulator
		Release|x64 = Release|x64
		Release|x86 = Release|x86
	EndGlobalSection
	GlobalSection(ProjectConfigurationPlatforms) = postSolution
		{8B2E28D5-4D76-4B0B-B79A-8F3422622336}.Ad-Hoc|Any CPU.ActiveCfg = Release|Any CPU
		{8B2E28D5-4D76-4B0B-B79A-8F3422622336}.Ad-Hoc|Any CPU.Build.0 = Release|Any CPU
		{8B2E28D5-4D76-4B0B-B79A-8F3422622336}.Ad-Hoc|Any CPU.Deploy.0 = Release|Any CPU
		{8B2E28D5-4D76-4B0B-B79A-8F3422622336}.Ad-Hoc|ARM.ActiveCfg = Release|Any CPU
		{8B2E28D5-4D76-4B0B-B79A-8F3422622336}.Ad-Hoc|ARM.Build.0 = Release|Any CPU
		{8B2E28D5-4D76-4B0B-B79A-8F3422622336}.Ad-Hoc|ARM.Deploy.0 = Release|Any CPU
		{8B2E28D5-4D76-4B0B-B79A-8F3422622336}.Ad-Hoc|iPhone.ActiveCfg = Release|Any CPU
		{8B2E28D5-4D76-4B0B-B79A-8F3422622336}.Ad-Hoc|iPhone.Build.0 = Release|Any CPU
		{8B2E28D5-4D76-4B0B-B79A-8F3422622336}.Ad-Hoc|iPhone.Deploy.0 = Release|Any CPU
		{8B2E28D5-4D76-4B0B-B79A-8F3422622336}.Ad-Hoc|iPhoneSimulator.ActiveCfg = Release|Any CPU
		{8B2E28D5-4D76-4B0B-B79A-8F3422622336}.Ad-Hoc|iPhoneSimulator.Build.0 = Release|Any CPU
		{8B2E28D5-4D76-4B0B-B79A-8F3422622336}.Ad-Hoc|iPhoneSimulator.Deploy.0 = Release|Any CPU
		{8B2E28D5-4D76-4B0B-B79A-8F3422622336}.Ad-Hoc|x64.ActiveCfg = Release|Any CPU
		{8B2E28D5-4D76-4B0B-B79A-8F3422622336}.Ad-Hoc|x64.Build.0 = Release|Any CPU
		{8B2E28D5-4D76-4B0B-B79A-8F3422622336}.Ad-Hoc|x64.Deploy.0 = Release|Any CPU
		{8B2E28D5-4D76-4B0B-B79A-8F3422622336}.Ad-Hoc|x86.ActiveCfg = Release|Any CPU
		{8B2E28D5-4D76-4B0B-B79A-8F3422622336}.Ad-Hoc|x86.Build.0 = Release|Any CPU
		{8B2E28D5-4D76-4B0B-B79A-8F3422622336}.Ad-Hoc|x86.Deploy.0 = Release|Any CPU
		{8B2E28D5-4D76-4B0B-B79A-8F3422622336}.AppStore|Any CPU.ActiveCfg = Release|Any CPU
		{8B2E28D5-4D76-4B0B-B79A-8F3422622336}.AppStore|Any CPU.Build.0 = Release|Any CPU
		{8B2E28D5-4D76-4B0B-B79A-8F3422622336}.AppStore|Any CPU.Deploy.0 = Release|Any CPU
		{8B2E28D5-4D76-4B0B-B79A-8F3422622336}.AppStore|ARM.ActiveCfg = Release|Any CPU
		{8B2E28D5-4D76-4B0B-B79A-8F3422622336}.AppStore|ARM.Build.0 = Release|Any CPU
		{8B2E28D5-4D76-4B0B-B79A-8F3422622336}.AppStore|ARM.Deploy.0 = Release|Any CPU
		{8B2E28D5-4D76-4B0B-B79A-8F3422622336}.AppStore|iPhone.ActiveCfg = Release|Any CPU
		{8B2E28D5-4D76-4B0B-B79A-8F3422622336}.AppStore|iPhone.Build.0 = Release|Any CPU
		{8B2E28D5-4D76-4B0B-B79A-8F3422622336}.AppStore|iPhone.Deploy.0 = Release|Any CPU
		{8B2E28D5-4D76-4B0B-B79A-8F3422622336}.AppStore|iPhoneSimulator.ActiveCfg = Release|Any CPU
		{8B2E28D5-4D76-4B0B-B79A-8F3422622336}.AppStore|iPhoneSimulator.Build.0 = Release|Any CPU
		{8B2E28D5-4D76-4B0B-B79A-8F3422622336}.AppStore|iPhoneSimulator.Deploy.0 = Release|Any CPU
		{8B2E28D5-4D76-4B0B-B79A-8F3422622336}.AppStore|x64.ActiveCfg = Release|Any CPU
		{8B2E28D5-4D76-4B0B-B79A-8F3422622336}.AppStore|x64.Build.0 = Release|Any CPU
		{8B2E28D5-4D76-4B0B-B79A-8F3422622336}.AppStore|x64.Deploy.0 = Release|Any CPU
		{8B2E28D5-4D76-4B0B-B79A-8F3422622336}.AppStore|x86.ActiveCfg = Release|Any CPU
		{8B2E28D5-4D76-4B0B-B79A-8F3422622336}.AppStore|x86.Build.0 = Release|Any CPU
		{8B2E28D5-4D76-4B0B-B79A-8F3422622336}.AppStore|x86.Deploy.0 = Release|Any CPU
		{8B2E28D5-4D76-4B0B-B79A-8F3422622336}.Debug|Any CPU.ActiveCfg = Debug|Any CPU
		{8B2E28D5-4D76-4B0B-B79A-8F3422622336}.Debug|Any CPU.Build.0 = Debug|Any CPU
		{8B2E28D5-4D76-4B0B-B79A-8F3422622336}.Debug|Any CPU.Deploy.0 = Debug|Any CPU
		{8B2E28D5-4D76-4B0B-B79A-8F3422622336}.Debug|ARM.ActiveCfg = Debug|Any CPU
		{8B2E28D5-4D76-4B0B-B79A-8F3422622336}.Debug|ARM.Build.0 = Debug|Any CPU
		{8B2E28D5-4D76-4B0B-B79A-8F3422622336}.Debug|ARM.Deploy.0 = Debug|Any CPU
		{8B2E28D5-4D76-4B0B-B79A-8F3422622336}.Debug|iPhone.ActiveCfg = Debug|Any CPU
		{8B2E28D5-4D76-4B0B-B79A-8F3422622336}.Debug|iPhone.Build.0 = Debug|Any CPU
		{8B2E28D5-4D76-4B0B-B79A-8F3422622336}.Debug|iPhone.Deploy.0 = Debug|Any CPU
		{8B2E28D5-4D76-4B0B-B79A-8F3422622336}.Debug|iPhoneSimulator.ActiveCfg = Debug|Any CPU
		{8B2E28D5-4D76-4B0B-B79A-8F3422622336}.Debug|iPhoneSimulator.Build.0 = Debug|Any CPU
		{8B2E28D5-4D76-4B0B-B79A-8F3422622336}.Debug|iPhoneSimulator.Deploy.0 = Debug|Any CPU
		{8B2E28D5-4D76-4B0B-B79A-8F3422622336}.Debug|x64.ActiveCfg = Debug|Any CPU
		{8B2E28D5-4D76-4B0B-B79A-8F3422622336}.Debug|x64.Build.0 = Debug|Any CPU
		{8B2E28D5-4D76-4B0B-B79A-8F3422622336}.Debug|x64.Deploy.0 = Debug|Any CPU
		{8B2E28D5-4D76-4B0B-B79A-8F3422622336}.Debug|x86.ActiveCfg = Debug|Any CPU
		{8B2E28D5-4D76-4B0B-B79A-8F3422622336}.Debug|x86.Build.0 = Debug|Any CPU
		{8B2E28D5-4D76-4B0B-B79A-8F3422622336}.Debug|x86.Deploy.0 = Debug|Any CPU
		{8B2E28D5-4D76-4B0B-B79A-8F3422622336}.Release|Any CPU.ActiveCfg = Release|Any CPU
		{8B2E28D5-4D76-4B0B-B79A-8F3422622336}.Release|Any CPU.Build.0 = Release|Any CPU
		{8B2E28D5-4D76-4B0B-B79A-8F3422622336}.Release|Any CPU.Deploy.0 = Release|Any CPU
		{8B2E28D5-4D76-4B0B-B79A-8F3422622336}.Release|ARM.ActiveCfg = Release|Any CPU
		{8B2E28D5-4D76-4B0B-B79A-8F3422622336}.Release|ARM.Build.0 = Release|Any CPU
		{8B2E28D5-4D76-4B0B-B79A-8F3422622336}.Release|ARM.Deploy.0 = Release|Any CPU
		{8B2E28D5-4D76-4B0B-B79A-8F3422622336}.Release|iPhone.ActiveCfg = Release|Any CPU
		{8B2E28D5-4D76-4B0B-B79A-8F3422622336}.Release|iPhone.Build.0 = Release|Any CPU
		{8B2E28D5-4D76-4B0B-B79A-8F3422622336}.Release|iPhone.Deploy.0 = Release|Any CPU
		{8B2E28D5-4D76-4B0B-B79A-8F3422622336}.Release|iPhoneSimulator.ActiveCfg = Release|Any CPU
		{8B2E28D5-4D76-4B0B-B79A-8F3422622336}.Release|iPhoneSimulator.Build.0 = Release|Any CPU
		{8B2E28D5-4D76-4B0B-B79A-8F3422622336}.Release|iPhoneSimulator.Deploy.0 = Release|Any CPU
		{8B2E28D5-4D76-4B0B-B79A-8F3422622336}.Release|x64.ActiveCfg = Release|Any CPU
		{8B2E28D5-4D76-4B0B-B79A-8F3422622336}.Release|x64.Build.0 = Release|Any CPU
		{8B2E28D5-4D76-4B0B-B79A-8F3422622336}.Release|x64.Deploy.0 = Release|Any CPU
		{8B2E28D5-4D76-4B0B-B79A-8F3422622336}.Release|x86.ActiveCfg = Release|Any CPU
		{8B2E28D5-4D76-4B0B-B79A-8F3422622336}.Release|x86.Build.0 = Release|Any CPU
		{8B2E28D5-4D76-4B0B-B79A-8F3422622336}.Release|x86.Deploy.0 = Release|Any CPU
		{101E3060-8799-4119-8A7A-4F86A01C0C84}.Ad-Hoc|Any CPU.ActiveCfg = Release|iPhoneSimulator
		{101E3060-8799-4119-8A7A-4F86A01C0C84}.Ad-Hoc|Any CPU.Build.0 = Release|iPhoneSimulator
		{101E3060-8799-4119-8A7A-4F86A01C0C84}.Ad-Hoc|ARM.ActiveCfg = Release|iPhoneSimulator
		{101E3060-8799-4119-8A7A-4F86A01C0C84}.Ad-Hoc|ARM.Build.0 = Release|iPhoneSimulator
		{101E3060-8799-4119-8A7A-4F86A01C0C84}.Ad-Hoc|iPhone.ActiveCfg = Release|iPhone
		{101E3060-8799-4119-8A7A-4F86A01C0C84}.Ad-Hoc|iPhone.Build.0 = Release|iPhone
		{101E3060-8799-4119-8A7A-4F86A01C0C84}.Ad-Hoc|iPhoneSimulator.ActiveCfg = Release|iPhoneSimulator
		{101E3060-8799-4119-8A7A-4F86A01C0C84}.Ad-Hoc|iPhoneSimulator.Build.0 = Release|iPhoneSimulator
		{101E3060-8799-4119-8A7A-4F86A01C0C84}.Ad-Hoc|x64.ActiveCfg = Release|iPhoneSimulator
		{101E3060-8799-4119-8A7A-4F86A01C0C84}.Ad-Hoc|x64.Build.0 = Release|iPhoneSimulator
		{101E3060-8799-4119-8A7A-4F86A01C0C84}.Ad-Hoc|x86.ActiveCfg = Release|iPhoneSimulator
		{101E3060-8799-4119-8A7A-4F86A01C0C84}.Ad-Hoc|x86.Build.0 = Release|iPhoneSimulator
		{101E3060-8799-4119-8A7A-4F86A01C0C84}.AppStore|Any CPU.ActiveCfg = Release|iPhoneSimulator
		{101E3060-8799-4119-8A7A-4F86A01C0C84}.AppStore|Any CPU.Build.0 = Release|iPhoneSimulator
		{101E3060-8799-4119-8A7A-4F86A01C0C84}.AppStore|ARM.ActiveCfg = Release|iPhoneSimulator
		{101E3060-8799-4119-8A7A-4F86A01C0C84}.AppStore|ARM.Build.0 = Release|iPhoneSimulator
		{101E3060-8799-4119-8A7A-4F86A01C0C84}.AppStore|iPhone.ActiveCfg = Release|iPhone
		{101E3060-8799-4119-8A7A-4F86A01C0C84}.AppStore|iPhone.Build.0 = Release|iPhone
		{101E3060-8799-4119-8A7A-4F86A01C0C84}.AppStore|iPhoneSimulator.ActiveCfg = Release|iPhoneSimulator
		{101E3060-8799-4119-8A7A-4F86A01C0C84}.AppStore|iPhoneSimulator.Build.0 = Release|iPhoneSimulator
		{101E3060-8799-4119-8A7A-4F86A01C0C84}.AppStore|x64.ActiveCfg = Release|iPhoneSimulator
		{101E3060-8799-4119-8A7A-4F86A01C0C84}.AppStore|x64.Build.0 = Release|iPhoneSimulator
		{101E3060-8799-4119-8A7A-4F86A01C0C84}.AppStore|x86.ActiveCfg = Release|iPhoneSimulator
		{101E3060-8799-4119-8A7A-4F86A01C0C84}.AppStore|x86.Build.0 = Release|iPhoneSimulator
		{101E3060-8799-4119-8A7A-4F86A01C0C84}.Debug|Any CPU.ActiveCfg = Debug|iPhone
		{101E3060-8799-4119-8A7A-4F86A01C0C84}.Debug|ARM.ActiveCfg = Debug|iPhoneSimulator
		{101E3060-8799-4119-8A7A-4F86A01C0C84}.Debug|iPhone.ActiveCfg = Debug|iPhone
		{101E3060-8799-4119-8A7A-4F86A01C0C84}.Debug|iPhone.Build.0 = Debug|iPhone
		{101E3060-8799-4119-8A7A-4F86A01C0C84}.Debug|iPhoneSimulator.ActiveCfg = Debug|iPhoneSimulator
		{101E3060-8799-4119-8A7A-4F86A01C0C84}.Debug|iPhoneSimulator.Build.0 = Debug|iPhoneSimulator
		{101E3060-8799-4119-8A7A-4F86A01C0C84}.Debug|x64.ActiveCfg = Debug|iPhoneSimulator
		{101E3060-8799-4119-8A7A-4F86A01C0C84}.Debug|x86.ActiveCfg = Debug|iPhoneSimulator
		{101E3060-8799-4119-8A7A-4F86A01C0C84}.Release|Any CPU.ActiveCfg = Release|iPhone
		{101E3060-8799-4119-8A7A-4F86A01C0C84}.Release|ARM.ActiveCfg = Release|iPhoneSimulator
		{101E3060-8799-4119-8A7A-4F86A01C0C84}.Release|iPhone.ActiveCfg = Release|iPhone
		{101E3060-8799-4119-8A7A-4F86A01C0C84}.Release|iPhone.Build.0 = Release|iPhone
		{101E3060-8799-4119-8A7A-4F86A01C0C84}.Release|iPhoneSimulator.ActiveCfg = Release|iPhoneSimulator
		{101E3060-8799-4119-8A7A-4F86A01C0C84}.Release|iPhoneSimulator.Build.0 = Release|iPhoneSimulator
		{101E3060-8799-4119-8A7A-4F86A01C0C84}.Release|x64.ActiveCfg = Release|iPhoneSimulator
		{101E3060-8799-4119-8A7A-4F86A01C0C84}.Release|x86.ActiveCfg = Release|iPhoneSimulator
		{6D071221-CDE3-4ABA-9EF5-0268E5241C57}.Ad-Hoc|Any CPU.ActiveCfg = Release|Any CPU
		{6D071221-CDE3-4ABA-9EF5-0268E5241C57}.Ad-Hoc|Any CPU.Build.0 = Release|Any CPU
		{6D071221-CDE3-4ABA-9EF5-0268E5241C57}.Ad-Hoc|Any CPU.Deploy.0 = Release|Any CPU
		{6D071221-CDE3-4ABA-9EF5-0268E5241C57}.Ad-Hoc|ARM.ActiveCfg = Release|Any CPU
		{6D071221-CDE3-4ABA-9EF5-0268E5241C57}.Ad-Hoc|ARM.Build.0 = Release|Any CPU
		{6D071221-CDE3-4ABA-9EF5-0268E5241C57}.Ad-Hoc|ARM.Deploy.0 = Release|Any CPU
		{6D071221-CDE3-4ABA-9EF5-0268E5241C57}.Ad-Hoc|iPhone.ActiveCfg = Release|Any CPU
		{6D071221-CDE3-4ABA-9EF5-0268E5241C57}.Ad-Hoc|iPhone.Build.0 = Release|Any CPU
		{6D071221-CDE3-4ABA-9EF5-0268E5241C57}.Ad-Hoc|iPhone.Deploy.0 = Release|Any CPU
		{6D071221-CDE3-4ABA-9EF5-0268E5241C57}.Ad-Hoc|iPhoneSimulator.ActiveCfg = Release|Any CPU
		{6D071221-CDE3-4ABA-9EF5-0268E5241C57}.Ad-Hoc|iPhoneSimulator.Build.0 = Release|Any CPU
		{6D071221-CDE3-4ABA-9EF5-0268E5241C57}.Ad-Hoc|iPhoneSimulator.Deploy.0 = Release|Any CPU
		{6D071221-CDE3-4ABA-9EF5-0268E5241C57}.Ad-Hoc|x64.ActiveCfg = Release|Any CPU
		{6D071221-CDE3-4ABA-9EF5-0268E5241C57}.Ad-Hoc|x64.Build.0 = Release|Any CPU
		{6D071221-CDE3-4ABA-9EF5-0268E5241C57}.Ad-Hoc|x64.Deploy.0 = Release|Any CPU
		{6D071221-CDE3-4ABA-9EF5-0268E5241C57}.Ad-Hoc|x86.ActiveCfg = Release|Any CPU
		{6D071221-CDE3-4ABA-9EF5-0268E5241C57}.Ad-Hoc|x86.Build.0 = Release|Any CPU
		{6D071221-CDE3-4ABA-9EF5-0268E5241C57}.Ad-Hoc|x86.Deploy.0 = Release|Any CPU
		{6D071221-CDE3-4ABA-9EF5-0268E5241C57}.AppStore|Any CPU.ActiveCfg = Release|Any CPU
		{6D071221-CDE3-4ABA-9EF5-0268E5241C57}.AppStore|Any CPU.Build.0 = Release|Any CPU
		{6D071221-CDE3-4ABA-9EF5-0268E5241C57}.AppStore|Any CPU.Deploy.0 = Release|Any CPU
		{6D071221-CDE3-4ABA-9EF5-0268E5241C57}.AppStore|ARM.ActiveCfg = Release|Any CPU
		{6D071221-CDE3-4ABA-9EF5-0268E5241C57}.AppStore|ARM.Build.0 = Release|Any CPU
		{6D071221-CDE3-4ABA-9EF5-0268E5241C57}.AppStore|ARM.Deploy.0 = Release|Any CPU
		{6D071221-CDE3-4ABA-9EF5-0268E5241C57}.AppStore|iPhone.ActiveCfg = Release|Any CPU
		{6D071221-CDE3-4ABA-9EF5-0268E5241C57}.AppStore|iPhone.Build.0 = Release|Any CPU
		{6D071221-CDE3-4ABA-9EF5-0268E5241C57}.AppStore|iPhone.Deploy.0 = Release|Any CPU
		{6D071221-CDE3-4ABA-9EF5-0268E5241C57}.AppStore|iPhoneSimulator.ActiveCfg = Release|Any CPU
		{6D071221-CDE3-4ABA-9EF5-0268E5241C57}.AppStore|iPhoneSimulator.Build.0 = Release|Any CPU
		{6D071221-CDE3-4ABA-9EF5-0268E5241C57}.AppStore|iPhoneSimulator.Deploy.0 = Release|Any CPU
		{6D071221-CDE3-4ABA-9EF5-0268E5241C57}.AppStore|x64.ActiveCfg = Release|Any CPU
		{6D071221-CDE3-4ABA-9EF5-0268E5241C57}.AppStore|x64.Build.0 = Release|Any CPU
		{6D071221-CDE3-4ABA-9EF5-0268E5241C57}.AppStore|x64.Deploy.0 = Release|Any CPU
		{6D071221-CDE3-4ABA-9EF5-0268E5241C57}.AppStore|x86.ActiveCfg = Release|Any CPU
		{6D071221-CDE3-4ABA-9EF5-0268E5241C57}.AppStore|x86.Build.0 = Release|Any CPU
		{6D071221-CDE3-4ABA-9EF5-0268E5241C57}.AppStore|x86.Deploy.0 = Release|Any CPU
		{6D071221-CDE3-4ABA-9EF5-0268E5241C57}.Debug|Any CPU.ActiveCfg = Debug|Any CPU
		{6D071221-CDE3-4ABA-9EF5-0268E5241C57}.Debug|Any CPU.Build.0 = Debug|Any CPU
		{6D071221-CDE3-4ABA-9EF5-0268E5241C57}.Debug|Any CPU.Deploy.0 = Debug|Any CPU
		{6D071221-CDE3-4ABA-9EF5-0268E5241C57}.Debug|ARM.ActiveCfg = Debug|Any CPU
		{6D071221-CDE3-4ABA-9EF5-0268E5241C57}.Debug|ARM.Build.0 = Debug|Any CPU
		{6D071221-CDE3-4ABA-9EF5-0268E5241C57}.Debug|ARM.Deploy.0 = Debug|Any CPU
		{6D071221-CDE3-4ABA-9EF5-0268E5241C57}.Debug|iPhone.ActiveCfg = Debug|Any CPU
		{6D071221-CDE3-4ABA-9EF5-0268E5241C57}.Debug|iPhone.Build.0 = Debug|Any CPU
		{6D071221-CDE3-4ABA-9EF5-0268E5241C57}.Debug|iPhone.Deploy.0 = Debug|Any CPU
		{6D071221-CDE3-4ABA-9EF5-0268E5241C57}.Debug|iPhoneSimulator.ActiveCfg = Debug|Any CPU
		{6D071221-CDE3-4ABA-9EF5-0268E5241C57}.Debug|iPhoneSimulator.Build.0 = Debug|Any CPU
		{6D071221-CDE3-4ABA-9EF5-0268E5241C57}.Debug|iPhoneSimulator.Deploy.0 = Debug|Any CPU
		{6D071221-CDE3-4ABA-9EF5-0268E5241C57}.Debug|x64.ActiveCfg = Debug|Any CPU
		{6D071221-CDE3-4ABA-9EF5-0268E5241C57}.Debug|x64.Build.0 = Debug|Any CPU
		{6D071221-CDE3-4ABA-9EF5-0268E5241C57}.Debug|x64.Deploy.0 = Debug|Any CPU
		{6D071221-CDE3-4ABA-9EF5-0268E5241C57}.Debug|x86.ActiveCfg = Debug|Any CPU
		{6D071221-CDE3-4ABA-9EF5-0268E5241C57}.Debug|x86.Build.0 = Debug|Any CPU
		{6D071221-CDE3-4ABA-9EF5-0268E5241C57}.Debug|x86.Deploy.0 = Debug|Any CPU
		{6D071221-CDE3-4ABA-9EF5-0268E5241C57}.Release|Any CPU.ActiveCfg = Release|Any CPU
		{6D071221-CDE3-4ABA-9EF5-0268E5241C57}.Release|Any CPU.Build.0 = Release|Any CPU
		{6D071221-CDE3-4ABA-9EF5-0268E5241C57}.Release|Any CPU.Deploy.0 = Release|Any CPU
		{6D071221-CDE3-4ABA-9EF5-0268E5241C57}.Release|ARM.ActiveCfg = Release|Any CPU
		{6D071221-CDE3-4ABA-9EF5-0268E5241C57}.Release|ARM.Build.0 = Release|Any CPU
		{6D071221-CDE3-4ABA-9EF5-0268E5241C57}.Release|ARM.Deploy.0 = Release|Any CPU
		{6D071221-CDE3-4ABA-9EF5-0268E5241C57}.Release|iPhone.ActiveCfg = Release|Any CPU
		{6D071221-CDE3-4ABA-9EF5-0268E5241C57}.Release|iPhone.Build.0 = Release|Any CPU
		{6D071221-CDE3-4ABA-9EF5-0268E5241C57}.Release|iPhone.Deploy.0 = Release|Any CPU
		{6D071221-CDE3-4ABA-9EF5-0268E5241C57}.Release|iPhoneSimulator.ActiveCfg = Release|Any CPU
		{6D071221-CDE3-4ABA-9EF5-0268E5241C57}.Release|iPhoneSimulator.Build.0 = Release|Any CPU
		{6D071221-CDE3-4ABA-9EF5-0268E5241C57}.Release|iPhoneSimulator.Deploy.0 = Release|Any CPU
		{6D071221-CDE3-4ABA-9EF5-0268E5241C57}.Release|x64.ActiveCfg = Release|Any CPU
		{6D071221-CDE3-4ABA-9EF5-0268E5241C57}.Release|x64.Build.0 = Release|Any CPU
		{6D071221-CDE3-4ABA-9EF5-0268E5241C57}.Release|x64.Deploy.0 = Release|Any CPU
		{6D071221-CDE3-4ABA-9EF5-0268E5241C57}.Release|x86.ActiveCfg = Release|Any CPU
		{6D071221-CDE3-4ABA-9EF5-0268E5241C57}.Release|x86.Build.0 = Release|Any CPU
		{6D071221-CDE3-4ABA-9EF5-0268E5241C57}.Release|x86.Deploy.0 = Release|Any CPU
		{AA7F9680-8193-4CA6-A6A9-899D266FFCC6}.Ad-Hoc|Any CPU.ActiveCfg = Ad-Hoc|iPhone
		{AA7F9680-8193-4CA6-A6A9-899D266FFCC6}.Ad-Hoc|ARM.ActiveCfg = Ad-Hoc|iPhone
		{AA7F9680-8193-4CA6-A6A9-899D266FFCC6}.Ad-Hoc|iPhone.ActiveCfg = Ad-Hoc|iPhone
		{AA7F9680-8193-4CA6-A6A9-899D266FFCC6}.Ad-Hoc|iPhone.Build.0 = Ad-Hoc|iPhone
		{AA7F9680-8193-4CA6-A6A9-899D266FFCC6}.Ad-Hoc|iPhoneSimulator.ActiveCfg = Ad-Hoc|iPhoneSimulator
		{AA7F9680-8193-4CA6-A6A9-899D266FFCC6}.Ad-Hoc|iPhoneSimulator.Build.0 = Ad-Hoc|iPhoneSimulator
		{AA7F9680-8193-4CA6-A6A9-899D266FFCC6}.Ad-Hoc|x64.ActiveCfg = Ad-Hoc|iPhone
		{AA7F9680-8193-4CA6-A6A9-899D266FFCC6}.Ad-Hoc|x86.ActiveCfg = Ad-Hoc|iPhone
		{AA7F9680-8193-4CA6-A6A9-899D266FFCC6}.AppStore|Any CPU.ActiveCfg = AppStore|iPhone
		{AA7F9680-8193-4CA6-A6A9-899D266FFCC6}.AppStore|ARM.ActiveCfg = AppStore|iPhone
		{AA7F9680-8193-4CA6-A6A9-899D266FFCC6}.AppStore|iPhone.ActiveCfg = AppStore|iPhone
		{AA7F9680-8193-4CA6-A6A9-899D266FFCC6}.AppStore|iPhone.Build.0 = AppStore|iPhone
		{AA7F9680-8193-4CA6-A6A9-899D266FFCC6}.AppStore|iPhoneSimulator.ActiveCfg = AppStore|iPhoneSimulator
		{AA7F9680-8193-4CA6-A6A9-899D266FFCC6}.AppStore|iPhoneSimulator.Build.0 = AppStore|iPhoneSimulator
		{AA7F9680-8193-4CA6-A6A9-899D266FFCC6}.AppStore|x64.ActiveCfg = AppStore|iPhone
		{AA7F9680-8193-4CA6-A6A9-899D266FFCC6}.AppStore|x86.ActiveCfg = AppStore|iPhone
		{AA7F9680-8193-4CA6-A6A9-899D266FFCC6}.Debug|Any CPU.ActiveCfg = Debug|iPhone
		{AA7F9680-8193-4CA6-A6A9-899D266FFCC6}.Debug|ARM.ActiveCfg = Debug|iPhone
		{AA7F9680-8193-4CA6-A6A9-899D266FFCC6}.Debug|iPhone.ActiveCfg = Debug|iPhone
		{AA7F9680-8193-4CA6-A6A9-899D266FFCC6}.Debug|iPhone.Build.0 = Debug|iPhone
		{AA7F9680-8193-4CA6-A6A9-899D266FFCC6}.Debug|iPhoneSimulator.ActiveCfg = Debug|iPhoneSimulator
		{AA7F9680-8193-4CA6-A6A9-899D266FFCC6}.Debug|iPhoneSimulator.Build.0 = Debug|iPhoneSimulator
		{AA7F9680-8193-4CA6-A6A9-899D266FFCC6}.Debug|x64.ActiveCfg = Debug|iPhone
		{AA7F9680-8193-4CA6-A6A9-899D266FFCC6}.Debug|x86.ActiveCfg = Debug|iPhone
		{AA7F9680-8193-4CA6-A6A9-899D266FFCC6}.Release|Any CPU.ActiveCfg = Release|iPhone
		{AA7F9680-8193-4CA6-A6A9-899D266FFCC6}.Release|ARM.ActiveCfg = Release|iPhone
		{AA7F9680-8193-4CA6-A6A9-899D266FFCC6}.Release|iPhone.ActiveCfg = Release|iPhone
		{AA7F9680-8193-4CA6-A6A9-899D266FFCC6}.Release|iPhone.Build.0 = Release|iPhone
		{AA7F9680-8193-4CA6-A6A9-899D266FFCC6}.Release|iPhoneSimulator.ActiveCfg = Release|iPhoneSimulator
		{AA7F9680-8193-4CA6-A6A9-899D266FFCC6}.Release|iPhoneSimulator.Build.0 = Release|iPhoneSimulator
		{AA7F9680-8193-4CA6-A6A9-899D266FFCC6}.Release|x64.ActiveCfg = Release|iPhone
		{AA7F9680-8193-4CA6-A6A9-899D266FFCC6}.Release|x86.ActiveCfg = Release|iPhone
		{E6C63F13-BC5A-466E-BB69-43271E9D817B}.Ad-Hoc|Any CPU.ActiveCfg = Release|x86
		{E6C63F13-BC5A-466E-BB69-43271E9D817B}.Ad-Hoc|Any CPU.Build.0 = Release|x86
		{E6C63F13-BC5A-466E-BB69-43271E9D817B}.Ad-Hoc|Any CPU.Deploy.0 = Release|x86
		{E6C63F13-BC5A-466E-BB69-43271E9D817B}.Ad-Hoc|ARM.ActiveCfg = Release|ARM
		{E6C63F13-BC5A-466E-BB69-43271E9D817B}.Ad-Hoc|ARM.Build.0 = Release|ARM
		{E6C63F13-BC5A-466E-BB69-43271E9D817B}.Ad-Hoc|ARM.Deploy.0 = Release|ARM
		{E6C63F13-BC5A-466E-BB69-43271E9D817B}.Ad-Hoc|iPhone.ActiveCfg = Release|x86
		{E6C63F13-BC5A-466E-BB69-43271E9D817B}.Ad-Hoc|iPhone.Build.0 = Release|x86
		{E6C63F13-BC5A-466E-BB69-43271E9D817B}.Ad-Hoc|iPhone.Deploy.0 = Release|x86
		{E6C63F13-BC5A-466E-BB69-43271E9D817B}.Ad-Hoc|iPhoneSimulator.ActiveCfg = Release|x86
		{E6C63F13-BC5A-466E-BB69-43271E9D817B}.Ad-Hoc|iPhoneSimulator.Build.0 = Release|x86
		{E6C63F13-BC5A-466E-BB69-43271E9D817B}.Ad-Hoc|iPhoneSimulator.Deploy.0 = Release|x86
		{E6C63F13-BC5A-466E-BB69-43271E9D817B}.Ad-Hoc|x64.ActiveCfg = Release|x64
		{E6C63F13-BC5A-466E-BB69-43271E9D817B}.Ad-Hoc|x64.Build.0 = Release|x64
		{E6C63F13-BC5A-466E-BB69-43271E9D817B}.Ad-Hoc|x64.Deploy.0 = Release|x64
		{E6C63F13-BC5A-466E-BB69-43271E9D817B}.Ad-Hoc|x86.ActiveCfg = Release|x86
		{E6C63F13-BC5A-466E-BB69-43271E9D817B}.Ad-Hoc|x86.Build.0 = Release|x86
		{E6C63F13-BC5A-466E-BB69-43271E9D817B}.Ad-Hoc|x86.Deploy.0 = Release|x86
		{E6C63F13-BC5A-466E-BB69-43271E9D817B}.AppStore|Any CPU.ActiveCfg = Release|x86
		{E6C63F13-BC5A-466E-BB69-43271E9D817B}.AppStore|Any CPU.Build.0 = Release|x86
		{E6C63F13-BC5A-466E-BB69-43271E9D817B}.AppStore|Any CPU.Deploy.0 = Release|x86
		{E6C63F13-BC5A-466E-BB69-43271E9D817B}.AppStore|ARM.ActiveCfg = Release|ARM
		{E6C63F13-BC5A-466E-BB69-43271E9D817B}.AppStore|ARM.Build.0 = Release|ARM
		{E6C63F13-BC5A-466E-BB69-43271E9D817B}.AppStore|ARM.Deploy.0 = Release|ARM
		{E6C63F13-BC5A-466E-BB69-43271E9D817B}.AppStore|iPhone.ActiveCfg = Release|x86
		{E6C63F13-BC5A-466E-BB69-43271E9D817B}.AppStore|iPhone.Build.0 = Release|x86
		{E6C63F13-BC5A-466E-BB69-43271E9D817B}.AppStore|iPhone.Deploy.0 = Release|x86
		{E6C63F13-BC5A-466E-BB69-43271E9D817B}.AppStore|iPhoneSimulator.ActiveCfg = Release|x86
		{E6C63F13-BC5A-466E-BB69-43271E9D817B}.AppStore|iPhoneSimulator.Build.0 = Release|x86
		{E6C63F13-BC5A-466E-BB69-43271E9D817B}.AppStore|iPhoneSimulator.Deploy.0 = Release|x86
		{E6C63F13-BC5A-466E-BB69-43271E9D817B}.AppStore|x64.ActiveCfg = Release|x64
		{E6C63F13-BC5A-466E-BB69-43271E9D817B}.AppStore|x64.Build.0 = Release|x64
		{E6C63F13-BC5A-466E-BB69-43271E9D817B}.AppStore|x64.Deploy.0 = Release|x64
		{E6C63F13-BC5A-466E-BB69-43271E9D817B}.AppStore|x86.ActiveCfg = Release|x86
		{E6C63F13-BC5A-466E-BB69-43271E9D817B}.AppStore|x86.Build.0 = Release|x86
		{E6C63F13-BC5A-466E-BB69-43271E9D817B}.AppStore|x86.Deploy.0 = Release|x86
		{E6C63F13-BC5A-466E-BB69-43271E9D817B}.Debug|Any CPU.ActiveCfg = Debug|x86
		{E6C63F13-BC5A-466E-BB69-43271E9D817B}.Debug|ARM.ActiveCfg = Debug|ARM
		{E6C63F13-BC5A-466E-BB69-43271E9D817B}.Debug|ARM.Build.0 = Debug|ARM
		{E6C63F13-BC5A-466E-BB69-43271E9D817B}.Debug|ARM.Deploy.0 = Debug|ARM
		{E6C63F13-BC5A-466E-BB69-43271E9D817B}.Debug|iPhone.ActiveCfg = Debug|x86
		{E6C63F13-BC5A-466E-BB69-43271E9D817B}.Debug|iPhoneSimulator.ActiveCfg = Debug|x86
		{E6C63F13-BC5A-466E-BB69-43271E9D817B}.Debug|x64.ActiveCfg = Debug|x64
		{E6C63F13-BC5A-466E-BB69-43271E9D817B}.Debug|x64.Build.0 = Debug|x64
		{E6C63F13-BC5A-466E-BB69-43271E9D817B}.Debug|x64.Deploy.0 = Debug|x64
		{E6C63F13-BC5A-466E-BB69-43271E9D817B}.Debug|x86.ActiveCfg = Debug|x86
		{E6C63F13-BC5A-466E-BB69-43271E9D817B}.Debug|x86.Build.0 = Debug|x86
		{E6C63F13-BC5A-466E-BB69-43271E9D817B}.Debug|x86.Deploy.0 = Debug|x86
		{E6C63F13-BC5A-466E-BB69-43271E9D817B}.Release|Any CPU.ActiveCfg = Release|x86
		{E6C63F13-BC5A-466E-BB69-43271E9D817B}.Release|ARM.ActiveCfg = Release|ARM
		{E6C63F13-BC5A-466E-BB69-43271E9D817B}.Release|ARM.Build.0 = Release|ARM
		{E6C63F13-BC5A-466E-BB69-43271E9D817B}.Release|ARM.Deploy.0 = Release|ARM
		{E6C63F13-BC5A-466E-BB69-43271E9D817B}.Release|iPhone.ActiveCfg = Release|x86
		{E6C63F13-BC5A-466E-BB69-43271E9D817B}.Release|iPhoneSimulator.ActiveCfg = Release|x86
		{E6C63F13-BC5A-466E-BB69-43271E9D817B}.Release|x64.ActiveCfg = Release|x64
		{E6C63F13-BC5A-466E-BB69-43271E9D817B}.Release|x64.Build.0 = Release|x64
		{E6C63F13-BC5A-466E-BB69-43271E9D817B}.Release|x64.Deploy.0 = Release|x64
		{E6C63F13-BC5A-466E-BB69-43271E9D817B}.Release|x86.ActiveCfg = Release|x86
		{E6C63F13-BC5A-466E-BB69-43271E9D817B}.Release|x86.Build.0 = Release|x86
		{E6C63F13-BC5A-466E-BB69-43271E9D817B}.Release|x86.Deploy.0 = Release|x86
		{7816C1F8-A47A-4825-922F-5FC4B988E71C}.Ad-Hoc|Any CPU.ActiveCfg = Debug|Any CPU
		{7816C1F8-A47A-4825-922F-5FC4B988E71C}.Ad-Hoc|Any CPU.Build.0 = Debug|Any CPU
		{7816C1F8-A47A-4825-922F-5FC4B988E71C}.Ad-Hoc|ARM.ActiveCfg = Debug|Any CPU
		{7816C1F8-A47A-4825-922F-5FC4B988E71C}.Ad-Hoc|ARM.Build.0 = Debug|Any CPU
		{7816C1F8-A47A-4825-922F-5FC4B988E71C}.Ad-Hoc|iPhone.ActiveCfg = Debug|Any CPU
		{7816C1F8-A47A-4825-922F-5FC4B988E71C}.Ad-Hoc|iPhone.Build.0 = Debug|Any CPU
		{7816C1F8-A47A-4825-922F-5FC4B988E71C}.Ad-Hoc|iPhoneSimulator.ActiveCfg = Debug|Any CPU
		{7816C1F8-A47A-4825-922F-5FC4B988E71C}.Ad-Hoc|iPhoneSimulator.Build.0 = Debug|Any CPU
		{7816C1F8-A47A-4825-922F-5FC4B988E71C}.Ad-Hoc|x64.ActiveCfg = Debug|Any CPU
		{7816C1F8-A47A-4825-922F-5FC4B988E71C}.Ad-Hoc|x64.Build.0 = Debug|Any CPU
		{7816C1F8-A47A-4825-922F-5FC4B988E71C}.Ad-Hoc|x86.ActiveCfg = Debug|Any CPU
		{7816C1F8-A47A-4825-922F-5FC4B988E71C}.Ad-Hoc|x86.Build.0 = Debug|Any CPU
		{7816C1F8-A47A-4825-922F-5FC4B988E71C}.AppStore|Any CPU.ActiveCfg = Debug|Any CPU
		{7816C1F8-A47A-4825-922F-5FC4B988E71C}.AppStore|Any CPU.Build.0 = Debug|Any CPU
		{7816C1F8-A47A-4825-922F-5FC4B988E71C}.AppStore|ARM.ActiveCfg = Debug|Any CPU
		{7816C1F8-A47A-4825-922F-5FC4B988E71C}.AppStore|ARM.Build.0 = Debug|Any CPU
		{7816C1F8-A47A-4825-922F-5FC4B988E71C}.AppStore|iPhone.ActiveCfg = Debug|Any CPU
		{7816C1F8-A47A-4825-922F-5FC4B988E71C}.AppStore|iPhone.Build.0 = Debug|Any CPU
		{7816C1F8-A47A-4825-922F-5FC4B988E71C}.AppStore|iPhoneSimulator.ActiveCfg = Debug|Any CPU
		{7816C1F8-A47A-4825-922F-5FC4B988E71C}.AppStore|iPhoneSimulator.Build.0 = Debug|Any CPU
		{7816C1F8-A47A-4825-922F-5FC4B988E71C}.AppStore|x64.ActiveCfg = Debug|Any CPU
		{7816C1F8-A47A-4825-922F-5FC4B988E71C}.AppStore|x64.Build.0 = Debug|Any CPU
		{7816C1F8-A47A-4825-922F-5FC4B988E71C}.AppStore|x86.ActiveCfg = Debug|Any CPU
		{7816C1F8-A47A-4825-922F-5FC4B988E71C}.AppStore|x86.Build.0 = Debug|Any CPU
		{7816C1F8-A47A-4825-922F-5FC4B988E71C}.Debug|Any CPU.ActiveCfg = Debug|Any CPU
		{7816C1F8-A47A-4825-922F-5FC4B988E71C}.Debug|Any CPU.Build.0 = Debug|Any CPU
		{7816C1F8-A47A-4825-922F-5FC4B988E71C}.Debug|ARM.ActiveCfg = Debug|Any CPU
		{7816C1F8-A47A-4825-922F-5FC4B988E71C}.Debug|ARM.Build.0 = Debug|Any CPU
		{7816C1F8-A47A-4825-922F-5FC4B988E71C}.Debug|iPhone.ActiveCfg = Debug|Any CPU
		{7816C1F8-A47A-4825-922F-5FC4B988E71C}.Debug|iPhone.Build.0 = Debug|Any CPU
		{7816C1F8-A47A-4825-922F-5FC4B988E71C}.Debug|iPhoneSimulator.ActiveCfg = Debug|Any CPU
		{7816C1F8-A47A-4825-922F-5FC4B988E71C}.Debug|iPhoneSimulator.Build.0 = Debug|Any CPU
		{7816C1F8-A47A-4825-922F-5FC4B988E71C}.Debug|x64.ActiveCfg = Debug|Any CPU
		{7816C1F8-A47A-4825-922F-5FC4B988E71C}.Debug|x64.Build.0 = Debug|Any CPU
		{7816C1F8-A47A-4825-922F-5FC4B988E71C}.Debug|x86.ActiveCfg = Debug|Any CPU
		{7816C1F8-A47A-4825-922F-5FC4B988E71C}.Debug|x86.Build.0 = Debug|Any CPU
		{7816C1F8-A47A-4825-922F-5FC4B988E71C}.Release|Any CPU.ActiveCfg = Release|Any CPU
		{7816C1F8-A47A-4825-922F-5FC4B988E71C}.Release|Any CPU.Build.0 = Release|Any CPU
		{7816C1F8-A47A-4825-922F-5FC4B988E71C}.Release|ARM.ActiveCfg = Release|Any CPU
		{7816C1F8-A47A-4825-922F-5FC4B988E71C}.Release|ARM.Build.0 = Release|Any CPU
		{7816C1F8-A47A-4825-922F-5FC4B988E71C}.Release|iPhone.ActiveCfg = Release|Any CPU
		{7816C1F8-A47A-4825-922F-5FC4B988E71C}.Release|iPhone.Build.0 = Release|Any CPU
		{7816C1F8-A47A-4825-922F-5FC4B988E71C}.Release|iPhoneSimulator.ActiveCfg = Release|Any CPU
		{7816C1F8-A47A-4825-922F-5FC4B988E71C}.Release|iPhoneSimulator.Build.0 = Release|Any CPU
		{7816C1F8-A47A-4825-922F-5FC4B988E71C}.Release|x64.ActiveCfg = Release|Any CPU
		{7816C1F8-A47A-4825-922F-5FC4B988E71C}.Release|x64.Build.0 = Release|Any CPU
		{7816C1F8-A47A-4825-922F-5FC4B988E71C}.Release|x86.ActiveCfg = Release|Any CPU
		{7816C1F8-A47A-4825-922F-5FC4B988E71C}.Release|x86.Build.0 = Release|Any CPU
	EndGlobalSection
	GlobalSection(SolutionProperties) = preSolution
		HideSolutionNode = FALSE
	EndGlobalSection
	GlobalSection(NestedProjects) = preSolution
		{6D071221-CDE3-4ABA-9EF5-0268E5241C57} = {DE6CD113-081F-4DB7-A47F-F40DB74A7030}
		{AA7F9680-8193-4CA6-A6A9-899D266FFCC6} = {DE6CD113-081F-4DB7-A47F-F40DB74A7030}
		{E6C63F13-BC5A-466E-BB69-43271E9D817B} = {DE6CD113-081F-4DB7-A47F-F40DB74A7030}
		{7816C1F8-A47A-4825-922F-5FC4B988E71C} = {DE6CD113-081F-4DB7-A47F-F40DB74A7030}
	EndGlobalSection
	GlobalSection(ExtensibilityGlobals) = postSolution
		SolutionGuid = {B34FB619-A2FA-4AD2-80FA-D66D998EB93B}
	EndGlobalSection
EndGlobal
